// !$*UTF8*$!
{
	archiveVersion = 1;
	classes = {
	};
	objectVersion = 55;
	objects = {

/* Begin PBXBuildFile section */
		A10000000000000000000001 /* lab_ios_PinningApp.swift in Sources */ = {isa = PBXBuildFile; fileRef = A20000000000000000000001 /* lab_ios_PinningApp.swift */; };
		A10000000000000000000002 /* ContentView.swift in Sources */ = {isa = PBXBuildFile; fileRef = A20000000000000000000002 /* ContentView.swift */; };
		A10000000000000000000003 /* ContentViewModel.swift in Sources */ = {isa = PBXBuildFile; fileRef = A20000000000000000000003 /* ContentViewModel.swift */; };
		A10000000000000000000004 /* AppRepository.swift in Sources */ = {isa = PBXBuildFile; fileRef = A20000000000000000000004 /* AppRepository.swift */; };
		A10000000000000000000005 /* NetworkService.swift in Sources */ = {isa = PBXBuildFile; fileRef = A20000000000000000000005 /* NetworkService.swift */; };
		A10000000000000000000007 /* Utils.swift in Sources */ = {isa = PBXBuildFile; fileRef = A20000000000000000000007 /* Utils.swift */; };
		A10000000000000000000008 /* Assets.xcassets in Resources */ = {isa = PBXBuildFile; fileRef = A20000000000000000000008 /* Assets.xcassets */; };
		A10000000000000000000009 /* PinningLabTests.swift in Sources */ = {isa = PBXBuildFile; fileRef = A20000000000000000000009 /* PinningLabTests.swift */; };
/* End PBXBuildFile section */

/* Begin PBXContainerItemProxy section */
		A30000000000000000000001 /* PBXContainerItemProxy */ = {
			isa = PBXContainerItemProxy;
			containerPortal = A90000000000000000000001 /* Project object */;
			proxyType = 1;
			remoteGlobalIDString = A70000000000000000000001;
			remoteInfo = lab.ios.Pinning;
		};
/* End PBXContainerItemProxy section */

/* Begin PBXFileReference section */
		A20000000000000000000001 /* lab_ios_PinningApp.swift */ = {isa = PBXFileReference; lastKnownFileType = sourcecode.swift; path = lab_ios_PinningApp.swift; sourceTree = "<group>"; };
		A20000000000000000000002 /* ContentView.swift */ = {isa = PBXFileReference; lastKnownFileType = sourcecode.swift; path = ContentView.swift; sourceTree = "<group>"; };
		A20000000000000000000003 /* ContentViewModel.swift */ = {isa = PBXFileReference; lastKnownFileType = sourcecode.swift; path = ContentViewModel.swift; sourceTree = "<group>"; };
		A20000000000000000000004 /* AppRepository.swift */ = {isa = PBXFileReference; lastKnownFileType = sourcecode.swift; path = AppRepository.swift; sourceTree = "<group>"; };
		A20000000000000000000005 /* NetworkService.swift */ = {isa = PBXFileReference; lastKnownFileType = sourcecode.swift; path = NetworkService.swift; sourceTree = "<group>"; };
		A20000000000000000000007 /* Utils.swift */ = {isa = PBXFileReference; lastKnownFileType = sourcecode.swift; path = Utils.swift; sourceTree = "<group>"; };
		A20000000000000000000008 /* Assets.xcassets */ = {isa = PBXFileReference; lastKnownFileType = folder.assetcatalog; path = Assets.xcassets; sourceTree = "<group>"; };
		A20000000000000000000009 /* PinningLabTests.swift */ = {isa = PBXFileReference; lastKnownFileType = sourcecode.swift; path = PinningLabTests.swift; sourceTree = "<group>"; };
		A2000000000000000000000A /* Hosted.xcconfig */ = {isa = PBXFileReference; lastKnownFileType = text.xcconfig; path = Hosted.xcconfig; sourceTree = "<group>"; };
		A2000000000000000000000B /* Local.example.xcconfig */ = {isa = PBXFileReference; lastKnownFileType = text.xcconfig; path = Local.example.xcconfig; sourceTree = "<group>"; };
		A2000000000000000000000C /* Pinning lab.app */ = {isa = PBXFileReference; explicitFileType = wrapper.application; includeInIndex = 0; path = "Pinning lab.app"; sourceTree = BUILT_PRODUCTS_DIR; };
		A2000000000000000000000D /* Pinning labTests.xctest */ = {isa = PBXFileReference; explicitFileType = wrapper.cfbundle; includeInIndex = 0; path = "Pinning labTests.xctest"; sourceTree = BUILT_PRODUCTS_DIR; };
		A2000000000000000000000E /* Info.plist */ = {isa = PBXFileReference; lastKnownFileType = text.plist.xml; path = Info.plist; sourceTree = "<group>"; };
/* End PBXFileReference section */

/* Begin PBXFrameworksBuildPhase section */
		A40000000000000000000001 /* Frameworks */ = {
			isa = PBXFrameworksBuildPhase;
			buildActionMask = 2147483647;
			files = (
			);
			runOnlyForDeploymentPostprocessing = 0;
		};
		A40000000000000000000002 /* Frameworks */ = {
			isa = PBXFrameworksBuildPhase;
			buildActionMask = 2147483647;
			files = (
			);
			runOnlyForDeploymentPostprocessing = 0;
		};
/* End PBXFrameworksBuildPhase section */

/* Begin PBXGroup section */
		A50000000000000000000001 = {
			isa = PBXGroup;
			children = (
				A50000000000000000000002 /* lab.ios.Pinning */,
				A50000000000000000000005 /* lab.ios.PinningTests */,
				A50000000000000000000006 /* Config */,
				A50000000000000000000007 /* Products */,
			);
			sourceTree = "<group>";
		};
		A50000000000000000000002 /* lab.ios.Pinning */ = {
			isa = PBXGroup;
			children = (
				A20000000000000000000001 /* lab_ios_PinningApp.swift */,
				A50000000000000000000003 /* Sources */,
				A20000000000000000000008 /* Assets.xcassets */,
				A2000000000000000000000E /* Info.plist */,
			);
			path = lab.ios.Pinning;
			sourceTree = "<group>";
		};
		A50000000000000000000003 /* Sources */ = {
			isa = PBXGroup;
			children = (
				A20000000000000000000002 /* ContentView.swift */,
				A20000000000000000000003 /* ContentViewModel.swift */,
				A50000000000000000000004 /* Utils */,
			);
			path = Sources;
			sourceTree = "<group>";
		};
		A50000000000000000000004 /* Utils */ = {
			isa = PBXGroup;
			children = (
				A20000000000000000000004 /* AppRepository.swift */,
				A20000000000000000000005 /* NetworkService.swift */,
				A20000000000000000000007 /* Utils.swift */,
			);
			path = Utils;
			sourceTree = "<group>";
		};
		A50000000000000000000005 /* lab.ios.PinningTests */ = {
			isa = PBXGroup;
			children = (
				A20000000000000000000009 /* PinningLabTests.swift */,
			);
			path = lab.ios.PinningTests;
			sourceTree = "<group>";
		};
		A50000000000000000000006 /* Config */ = {
			isa = PBXGroup;
			children = (
				A2000000000000000000000A /* Hosted.xcconfig */,
				A2000000000000000000000B /* Local.example.xcconfig */,
			);
			path = Config;
			sourceTree = "<group>";
		};
		A50000000000000000000007 /* Products */ = {
			isa = PBXGroup;
			children = (
				A2000000000000000000000C /* Pinning lab.app */,
				A2000000000000000000000D /* Pinning labTests.xctest */,
			);
			name = Products;
			sourceTree = "<group>";
		};
/* End PBXGroup section */

/* Begin PBXNativeTarget section */
		A70000000000000000000001 /* lab.ios.Pinning */ = {
			isa = PBXNativeTarget;
			buildConfigurationList = AB0000000000000000000001 /* Build configuration list for PBXNativeTarget "lab.ios.Pinning" */;
			buildPhases = (
				A60000000000000000000001 /* Sources */,
				A40000000000000000000001 /* Frameworks */,
				A80000000000000000000001 /* Resources */,
			);
			buildRules = (
			);
			dependencies = (
			);
			name = lab.ios.Pinning;
			productName = lab.ios.Pinning;
			productReference = A2000000000000000000000C /* Pinning lab.app */;
			productType = "com.apple.product-type.application";
		};
		A70000000000000000000002 /* lab.ios.PinningTests */ = {
			isa = PBXNativeTarget;
			buildConfigurationList = AB0000000000000000000002 /* Build configuration list for PBXNativeTarget "lab.ios.PinningTests" */;
			buildPhases = (
				A60000000000000000000002 /* Sources */,
				A40000000000000000000002 /* Frameworks */,
			);
			buildRules = (
			);
			dependencies = (
				AA0000000000000000000001 /* PBXTargetDependency */,
			);
			name = lab.ios.PinningTests;
			productName = "Pinning labTests";
			productReference = A2000000000000000000000D /* Pinning labTests.xctest */;
			productType = "com.apple.product-type.bundle.unit-test";
		};
/* End PBXNativeTarget section */

/* Begin PBXProject section */
		A90000000000000000000001 /* Project object */ = {
			isa = PBXProject;
			attributes = {
				BuildIndependentTargetsInParallel = 1;
				LastSwiftUpdateCheck = 2700;
				LastUpgradeCheck = 2700;
				TargetAttributes = {
					A70000000000000000000001 = {
						CreatedOnToolsVersion = 27.0;
					};
					A70000000000000000000002 = {
						CreatedOnToolsVersion = 27.0;
						TestTargetID = A70000000000000000000001;
					};
				};
			};
			buildConfigurationList = AB0000000000000000000003 /* Build configuration list for PBXProject "lab.ios.Pinning" */;
			compatibilityVersion = "Xcode 13.0";
			developmentRegion = en;
			hasScannedForEncodings = 0;
			knownRegions = (
				en,
				Base,
			);
			mainGroup = A50000000000000000000001;
			productRefGroup = A50000000000000000000007 /* Products */;
			projectDirPath = "";
			projectRoot = "";
			targets = (
				A70000000000000000000001 /* lab.ios.Pinning */,
				A70000000000000000000002 /* lab.ios.PinningTests */,
			);
		};
/* End PBXProject section */

/* Begin PBXResourcesBuildPhase section */
		A80000000000000000000001 /* Resources */ = {
			isa = PBXResourcesBuildPhase;
			buildActionMask = 2147483647;
			files = (
				A10000000000000000000008 /* Assets.xcassets in Resources */,
			);
			runOnlyForDeploymentPostprocessing = 0;
		};
/* End PBXResourcesBuildPhase section */

/* Begin PBXSourcesBuildPhase section */
		A60000000000000000000001 /* Sources */ = {
			isa = PBXSourcesBuildPhase;
			buildActionMask = 2147483647;
			files = (
				A10000000000000000000001 /* lab_ios_PinningApp.swift in Sources */,
				A10000000000000000000002 /* ContentView.swift in Sources */,
				A10000000000000000000003 /* ContentViewModel.swift in Sources */,
				A10000000000000000000004 /* AppRepository.swift in Sources */,
				A10000000000000000000005 /* NetworkService.swift in Sources */,
				A10000000000000000000007 /* Utils.swift in Sources */,
			);
			runOnlyForDeploymentPostprocessing = 0;
		};
		A60000000000000000000002 /* Sources */ = {
			isa = PBXSourcesBuildPhase;
			buildActionMask = 2147483647;
			files = (
				A10000000000000000000009 /* PinningLabTests.swift in Sources */,
			);
			runOnlyForDeploymentPostprocessing = 0;
		};
/* End PBXSourcesBuildPhase section */

/* Begin PBXTargetDependency section */
		AA0000000000000000000001 /* PBXTargetDependency */ = {
			isa = PBXTargetDependency;
			target = A70000000000000000000001 /* lab.ios.Pinning */;
			targetProxy = A30000000000000000000001 /* PBXContainerItemProxy */;
		};
/* End PBXTargetDependency section */

/* Begin XCBuildConfiguration section */
		AC0000000000000000000001 /* Debug */ = {
			isa = XCBuildConfiguration;
			buildSettings = {
				ALWAYS_SEARCH_USER_PATHS = NO;
				CLANG_ENABLE_MODULES = YES;
				CLANG_ENABLE_OBJC_ARC = YES;
				CLANG_WARN_DOCUMENTATION_COMMENTS = YES;
				CLANG_WARN_QUOTED_INCLUDE_IN_FRAMEWORK_HEADER = YES;
				CLANG_WARN_UNGUARDED_AVAILABILITY = YES_AGGRESSIVE;
				COPY_PHASE_STRIP = NO;
				DEBUG_INFORMATION_FORMAT = dwarf;
				ENABLE_TESTABILITY = YES;
				GCC_C_LANGUAGE_STANDARD = gnu17;
				GCC_NO_COMMON_BLOCKS = YES;
				GCC_OPTIMIZATION_LEVEL = 0;
				GCC_PREPROCESSOR_DEFINITIONS = (
					"DEBUG=1",
					"$(inherited)",
				);
				IPHONEOS_DEPLOYMENT_TARGET = 17.0;
				ONLY_ACTIVE_ARCH = YES;
				SDKROOT = iphoneos;
				SWIFT_ACTIVE_COMPILATION_CONDITIONS = DEBUG;
				SWIFT_OPTIMIZATION_LEVEL = "-Onone";
			};
			name = Debug;
		};
		AC0000000000000000000002 /* Release */ = {
			isa = XCBuildConfiguration;
			buildSettings = {
				ALWAYS_SEARCH_USER_PATHS = NO;
				CLANG_ENABLE_MODULES = YES;
				CLANG_ENABLE_OBJC_ARC = YES;
				CLANG_WARN_DOCUMENTATION_COMMENTS = YES;
				CLANG_WARN_QUOTED_INCLUDE_IN_FRAMEWORK_HEADER = YES;
				CLANG_WARN_UNGUARDED_AVAILABILITY = YES_AGGRESSIVE;
				COPY_PHASE_STRIP = NO;
				DEBUG_INFORMATION_FORMAT = "dwarf-with-dsym";
				ENABLE_NS_ASSERTIONS = NO;
				GCC_C_LANGUAGE_STANDARD = gnu17;
				GCC_NO_COMMON_BLOCKS = YES;
				IPHONEOS_DEPLOYMENT_TARGET = 17.0;
				SDKROOT = iphoneos;
				SWIFT_COMPILATION_MODE = wholemodule;
				SWIFT_OPTIMIZATION_LEVEL = "-O";
				VALIDATE_PRODUCT = YES;
			};
			name = Release;
		};
		AC0000000000000000000003 /* Debug */ = {
			isa = XCBuildConfiguration;
			baseConfigurationReference = A2000000000000000000000A /* Hosted.xcconfig */;
			buildSettings = {
				ASSETCATALOG_COMPILER_APPICON_NAME = AppIcon;
				CODE_SIGN_STYLE = Automatic;
				CURRENT_PROJECT_VERSION = 2;
				DEVELOPMENT_ASSET_PATHS = "\"lab.ios.Pinning/Preview Content\"";
				ENABLE_PREVIEWS = YES;
				GENERATE_INFOPLIST_FILE = NO;
				INFOPLIST_FILE = lab.ios.Pinning/Info.plist;
				IPHONEOS_DEPLOYMENT_TARGET = 17.0;
				LD_RUNPATH_SEARCH_PATHS = (
					"$(inherited)",
					"@executable_path/Frameworks",
				);
				MARKETING_VERSION = 2.0;
				PRODUCT_BUNDLE_IDENTIFIER = "defdev.lab-ios-Pinning";
				PRODUCT_MODULE_NAME = lab_ios_Pinning;
				PRODUCT_NAME = "Pinning lab";
				SUPPORTED_PLATFORMS = "iphoneos iphonesimulator";
				SWIFT_EMIT_LOC_STRINGS = YES;
				SWIFT_STRICT_CONCURRENCY = complete;
				SWIFT_VERSION = 6.0;
				TARGETED_DEVICE_FAMILY = 1;
			};
			name = Debug;
		};
		AC0000000000000000000004 /* Release */ = {
			isa = XCBuildConfiguration;
			baseConfigurationReference = A2000000000000000000000A /* Hosted.xcconfig */;
			buildSettings = {
				ASSETCATALOG_COMPILER_APPICON_NAME = AppIcon;
				CODE_SIGN_STYLE = Automatic;
				CURRENT_PROJECT_VERSION = 2;
				GENERATE_INFOPLIST_FILE = NO;
				INFOPLIST_FILE = lab.ios.Pinning/Info.plist;
				IPHONEOS_DEPLOYMENT_TARGET = 17.0;
				LD_RUNPATH_SEARCH_PATHS = (
					"$(inherited)",
					"@executable_path/Frameworks",
				);
				MARKETING_VERSION = 2.0;
				PRODUCT_BUNDLE_IDENTIFIER = "defdev.lab-ios-Pinning";
				PRODUCT_MODULE_NAME = lab_ios_Pinning;
				PRODUCT_NAME = "Pinning lab";
				SUPPORTED_PLATFORMS = "iphoneos iphonesimulator";
				SWIFT_EMIT_LOC_STRINGS = YES;
				SWIFT_STRICT_CONCURRENCY = complete;
				SWIFT_VERSION = 6.0;
				TARGETED_DEVICE_FAMILY = 1;
			};
			name = Release;
		};
		AC0000000000000000000005 /* Debug */ = {
			isa = XCBuildConfiguration;
			buildSettings = {
				BUNDLE_LOADER = "$(TEST_HOST)";
				CODE_SIGN_STYLE = Automatic;
				GENERATE_INFOPLIST_FILE = YES;
				IPHONEOS_DEPLOYMENT_TARGET = 17.0;
				LD_RUNPATH_SEARCH_PATHS = (
					"$(inherited)",
					"@executable_path/Frameworks",
					"@loader_path/Frameworks",
				);
				PRODUCT_BUNDLE_IDENTIFIER = "defdev.lab-ios-PinningTests";
				PRODUCT_NAME = "$(TARGET_NAME)";
				SUPPORTED_PLATFORMS = "iphoneos iphonesimulator";
				SWIFT_STRICT_CONCURRENCY = complete;
				SWIFT_VERSION = 6.0;
				TARGETED_DEVICE_FAMILY = 1;
				TEST_HOST = "$(BUILT_PRODUCTS_DIR)/Pinning lab.app/$(BUNDLE_EXECUTABLE_FOLDER_PATH)/Pinning lab";
			};
			name = Debug;
		};
		AC0000000000000000000006 /* Release */ = {
			isa = XCBuildConfiguration;
			buildSettings = {
				BUNDLE_LOADER = "$(TEST_HOST)";
				CODE_SIGN_STYLE = Automatic;
				GENERATE_INFOPLIST_FILE = YES;
				IPHONEOS_DEPLOYMENT_TARGET = 17.0;
				LD_RUNPATH_SEARCH_PATHS = (
					"$(inherited)",
					"@executable_path/Frameworks",
					"@loader_path/Frameworks",
				);
				PRODUCT_BUNDLE_IDENTIFIER = "defdev.lab-ios-PinningTests";
				PRODUCT_NAME = "$(TARGET_NAME)";
				SUPPORTED_PLATFORMS = "iphoneos iphonesimulator";
				SWIFT_STRICT_CONCURRENCY = complete;
				SWIFT_VERSION = 6.0;
				TARGETED_DEVICE_FAMILY = 1;
				TEST_HOST = "$(BUILT_PRODUCTS_DIR)/Pinning lab.app/$(BUNDLE_EXECUTABLE_FOLDER_PATH)/Pinning lab";
			};
			name = Release;
		};
/* End XCBuildConfiguration section */

/* Begin XCConfigurationList section */
		AB0000000000000000000001 /* Build configuration list for PBXNativeTarget "lab.ios.Pinning" */ = {
			isa = XCConfigurationList;
			buildConfigurations = (
				AC0000000000000000000003 /* Debug */,
				AC0000000000000000000004 /* Release */,
			);
			defaultConfigurationIsVisible = 0;
			defaultConfigurationName = Release;
		};
		AB0000000000000000000002 /* Build configuration list for PBXNativeTarget "lab.ios.PinningTests" */ = {
			isa = XCConfigurationList;
			buildConfigurations = (
				AC0000000000000000000005 /* Debug */,
				AC0000000000000000000006 /* Release */,
			);
			defaultConfigurationIsVisible = 0;
			defaultConfigurationName = Release;
		};
		AB0000000000000000000003 /* Build configuration list for PBXProject "lab.ios.Pinning" */ = {
			isa = XCConfigurationList;
			buildConfigurations = (
				AC0000000000000000000001 /* Debug */,
				AC0000000000000000000002 /* Release */,
			);
			defaultConfigurationIsVisible = 0;
			defaultConfigurationName = Release;
		};
/* End XCConfigurationList section */
	};
	rootObject = A90000000000000000000001 /* Project object */;
}
